
Microsoft Visual Studio Solution File, Format Version 12.00
# Visual Studio Version 17
VisualStudioVersion = 17.4.32804.182
MinimumVisualStudioVersion = 10.0.40219.1
Project("{FAE04EC0-301F-11D3-BF4B-00C04F79EFBC}") = "ProjExample.Server", "ProjExample\Server\ProjExample.Server.csproj", "{A64820E0-3DA8-466F-AD5A-3A54732CC6D4}"
EndProject
Project("{FAE04EC0-301F-11D3-BF4B-00C04F79EFBC}") = "ProjExample.Client", "ProjExample\Client\ProjExample.Client.csproj", "{62511B91-8C42-4CAB-9291-BEA9A757A4B5}"
EndProject
Project("{FAE04EC0-301F-11D3-BF4B-00C04F79EFBC}") = "ProjExample.Shared", "ProjExample\Shared\ProjExample.Shared.csproj", "{80031C9F-22B4-49A4-8990-B814BDF01A1A}"
EndProject
Global
	GlobalSection(SolutionConfigurationPlatforms) = preSolution
		Debug|Any CPU = Debug|Any CPU
		Release|Any CPU = Release|Any CPU
	EndGlobalSection
	GlobalSection(ProjectConfigurationPlatforms) = postSolution
		{A64820E0-3DA8-466F-AD5A-3A54732CC6D4}.Debug|Any CPU.ActiveCfg = Debug|Any CPU
		{A64820E0-3DA8-466F-AD5A-3A54732CC6D4}.Debug|Any CPU.Build.0 = Debug|Any CPU
		{A64820E0-3DA8-466F-AD5A-3A54732CC6D4}.Release|Any CPU.ActiveCfg = Release|Any CPU
		{A64820E0-3DA8-466F-AD5A-3A54732CC6D4}.Release|Any CPU.Build.0 = Release|Any CPU
		{62511B91-8C42-4CAB-9291-BEA9A757A4B5}.Debug|Any CPU.ActiveCfg = Debug|Any CPU
		{62511B91-8C42-4CAB-9291-BEA9A757A4B5}.Debug|Any CPU.Build.0 = Debug|Any CPU
		{62511B91-8C42-4CAB-9291-BEA9A757A4B5}.Release|Any CPU.ActiveCfg = Release|Any CPU
		{62511B91-8C42-4CAB-9291-BEA9A757A4B5}.Release|Any CPU.Build.0 = Release|Any CPU
		{80031C9F-22B4-49A4-8990-B814BDF01A1A}.Debug|Any CPU.ActiveCfg = Debug|Any CPU
		{80031C9F-22B4-49A4-8990-B814BDF01A1A}.Debug|Any CPU.Build.0 = Debug|Any CPU
		{80031C9F-22B4-49A4-8990-B814BDF01A1A}.Release|Any CPU.ActiveCfg = Release|Any CPU
		{80031C9F-22B4-49A4-8990-B814BDF01A1A}.Release|Any CPU.Build.0 = Release|Any CPU
	EndGlobalSection
	GlobalSection(SolutionProperties) = preSolution
		HideSolutionNode = FALSE
	EndGlobalSection
	GlobalSection(ExtensibilityGlobals) = postSolution
		SolutionGuid = {402DCD69-8BA8-498B-BA0A-5229A2BE5324}
	EndGlobalSection
EndGlobal
